
Microsoft Visual Studio Solution File, Format Version 12.00
# Visual Studio Version 17
VisualStudioVersion = 17.13.35919.96
MinimumVisualStudioVersion = 10.0.40219.1
Project("{FAE04EC0-301F-11D3-BF4B-00C04F79EFBC}") = "thinger.MTHProject", "thinger.MTHProject\thinger.MTHProject.csproj", "{9F116067-DB92-421D-9CE8-C3C1B11A0D23}"
EndProject
Project("{FAE04EC0-301F-11D3-BF4B-00C04F79EFBC}") = "thinger.MTHControlLib", "thinger.MTHControlLib\thinger.MTHControlLib.csproj", "{4EAA7CA6-B58E-4C7B-9EF9-B8820579E34F}"
EndProject
Project("{2150E333-8FDC-42A3-9474-1A3956D46DE8}") = "1.项目界面层", "1.项目界面层", "{02EA681E-C7D8-13C7-8484-4AC65E1B71E8}"
EndProject
Project("{2150E333-8FDC-42A3-9474-1A3956D46DE8}") = "6.数据实体类", "6.数据实体类", "{23FEAB68-54A6-4E15-BFB9-6D14C1D026E0}"
EndProject
Project("{FAE04EC0-301F-11D3-BF4B-00C04F79EFBC}") = "thinger.DataModels", "thinger.DataModels\thinger.DataModels.csproj", "{7940ABEE-248E-467A-A16D-347410BB3CB2}"
EndProject
Global
	GlobalSection(SolutionConfigurationPlatforms) = preSolution
		Debug|Any CPU = Debug|Any CPU
		Release|Any CPU = Release|Any CPU
	EndGlobalSection
	GlobalSection(ProjectConfigurationPlatforms) = postSolution
		{9F116067-DB92-421D-9CE8-C3C1B11A0D23}.Debug|Any CPU.ActiveCfg = Debug|Any CPU
		{9F116067-DB92-421D-9CE8-C3C1B11A0D23}.Debug|Any CPU.Build.0 = Debug|Any CPU
		{9F116067-DB92-421D-9CE8-C3C1B11A0D23}.Release|Any CPU.ActiveCfg = Release|Any CPU
		{9F116067-DB92-421D-9CE8-C3C1B11A0D23}.Release|Any CPU.Build.0 = Release|Any CPU
		{4EAA7CA6-B58E-4C7B-9EF9-B8820579E34F}.Debug|Any CPU.ActiveCfg = Debug|Any CPU
		{4EAA7CA6-B58E-4C7B-9EF9-B8820579E34F}.Debug|Any CPU.Build.0 = Debug|Any CPU
		{4EAA7CA6-B58E-4C7B-9EF9-B8820579E34F}.Release|Any CPU.ActiveCfg = Release|Any CPU
		{4EAA7CA6-B58E-4C7B-9EF9-B8820579E34F}.Release|Any CPU.Build.0 = Release|Any CPU
		{7940ABEE-248E-467A-A16D-347410BB3CB2}.Debug|Any CPU.ActiveCfg = Debug|Any CPU
		{7940ABEE-248E-467A-A16D-347410BB3CB2}.Debug|Any CPU.Build.0 = Debug|Any CPU
		{7940ABEE-248E-467A-A16D-347410BB3CB2}.Release|Any CPU.ActiveCfg = Release|Any CPU
		{7940ABEE-248E-467A-A16D-347410BB3CB2}.Release|Any CPU.Build.0 = Release|Any CPU
	EndGlobalSection
	GlobalSection(SolutionProperties) = preSolution
		HideSolutionNode = FALSE
	EndGlobalSection
	GlobalSection(NestedProjects) = preSolution
		{9F116067-DB92-421D-9CE8-C3C1B11A0D23} = {02EA681E-C7D8-13C7-8484-4AC65E1B71E8}
		{4EAA7CA6-B58E-4C7B-9EF9-B8820579E34F} = {02EA681E-C7D8-13C7-8484-4AC65E1B71E8}
		{7940ABEE-248E-467A-A16D-347410BB3CB2} = {23FEAB68-54A6-4E15-BFB9-6D14C1D026E0}
	EndGlobalSection
	GlobalSection(ExtensibilityGlobals) = postSolution
		SolutionGuid = {7FB17033-42FD-441D-A068-55FCEED3013F}
	EndGlobalSection
EndGlobal
